// !$*UTF8*$!
{
	archiveVersion = 1;
	classes = {
	};
	objectVersion = 56;
	objects = {

/* Begin PBXBuildFile section */
		5C4530F42AA05ACD00C7FD49 /* ChooseClothesView.swift in Sources */ = {isa = PBXBuildFile; fileRef = 5C4530F32AA05ACD00C7FD49 /* ChooseClothesView.swift */; };
		5C4530F82AA05AFD00C7FD49 /* FileManager+Extensions.swift in Sources */ = {isa = PBXBuildFile; fileRef = 5C4530F72AA05AFD00C7FD49 /* FileManager+Extensions.swift */; };
		5C4530F92AA05AFD00C7FD49 /* UIimage+Extension.swift in Sources */ = {isa = PBXBuildFile; fileRef = 5C4530F62AA05AFD00C7FD49 /* UIimage+Extension.swift */; };
		5C4530FD2AA05B3400C7FD49 /* SourcePicker.swift in Sources */ = {isa = PBXBuildFile; fileRef = 5C4530FC2AA05B3400C7FD49 /* SourcePicker.swift */; };
		5C4531002AA05B6000C7FD49 /* ComparingClothesViewModel.swift in Sources */ = {isa = PBXBuildFile; fileRef = 5C4530FF2AA05B6000C7FD49 /* ComparingClothesViewModel.swift */; };
		5C4531042AA05BC000C7FD49 /* ImagePicker.swift in Sources */ = {isa = PBXBuildFile; fileRef = 5C4531032AA05BC000C7FD49 /* ImagePicker.swift */; };
		5C4531052AA05BC000C7FD49 /* ZoomableScrollView.swift in Sources */ = {isa = PBXBuildFile; fileRef = 5C4531022AA05BC000C7FD49 /* ZoomableScrollView.swift */; };
		5C4531082AA05E8300C7FD49 /* AnimalCalssifier.mlmodel in Sources */ = {isa = PBXBuildFile; fileRef = 5C4531072AA05E8300C7FD49 /* AnimalCalssifier.mlmodel */; };
		5C45310A2AA05E9200C7FD49 /* ClothesIdentifier.mlmodel in Sources */ = {isa = PBXBuildFile; fileRef = 5C4531092AA05E9200C7FD49 /* ClothesIdentifier.mlmodel */; };
		5C6ABFE32A9DBD1100B2E3D7 /* ComparingAppApp.swift in Sources */ = {isa = PBXBuildFile; fileRef = 5C6ABFE22A9DBD1100B2E3D7 /* ComparingAppApp.swift */; };
		5C6ABFE72A9DBD1400B2E3D7 /* Assets.xcassets in Resources */ = {isa = PBXBuildFile; fileRef = 5C6ABFE62A9DBD1400B2E3D7 /* Assets.xcassets */; };
		5C6ABFEA2A9DBD1400B2E3D7 /* Preview Assets.xcassets in Resources */ = {isa = PBXBuildFile; fileRef = 5C6ABFE92A9DBD1400B2E3D7 /* Preview Assets.xcassets */; };
		5C6ABFF42A9DBD1400B2E3D7 /* ComparingAppTests.swift in Sources */ = {isa = PBXBuildFile; fileRef = 5C6ABFF32A9DBD1400B2E3D7 /* ComparingAppTests.swift */; };
		5C6ABFFE2A9DBD1400B2E3D7 /* ComparingAppUITests.swift in Sources */ = {isa = PBXBuildFile; fileRef = 5C6ABFFD2A9DBD1400B2E3D7 /* ComparingAppUITests.swift */; };
		5C6AC0002A9DBD1400B2E3D7 /* ComparingAppUITestsLaunchTests.swift in Sources */ = {isa = PBXBuildFile; fileRef = 5C6ABFFF2A9DBD1400B2E3D7 /* ComparingAppUITestsLaunchTests.swift */; };
		6124CE342AB0589F00E87665 /* ImagesFromURL.swift in Sources */ = {isa = PBXBuildFile; fileRef = 6124CE332AB0589F00E87665 /* ImagesFromURL.swift */; };
		6124CE372AB05B8400E87665 /* SwiftSoup in Frameworks */ = {isa = PBXBuildFile; productRef = 6124CE362AB05B8400E87665 /* SwiftSoup */; };
		6124CE392AB0A34400E87665 /* webView.swift in Sources */ = {isa = PBXBuildFile; fileRef = 6124CE382AB0A34400E87665 /* webView.swift */; };
		612C9FE62AA5D3C700C9E9B6 /* clothSegmentation.mlmodel in Sources */ = {isa = PBXBuildFile; fileRef = 612C9FE52AA5D3C700C9E9B6 /* clothSegmentation.mlmodel */; };
		613FC1DB2ABAE3EC008C8218 /* HomeView.swift in Sources */ = {isa = PBXBuildFile; fileRef = 613FC1DA2ABAE3EC008C8218 /* HomeView.swift */; };
		6159C5EC2AB480F2007CDAB2 /* BeforeAndAfterSlider.swift in Sources */ = {isa = PBXBuildFile; fileRef = 6159C5EB2AB480F2007CDAB2 /* BeforeAndAfterSlider.swift */; };
		6159C5EE2AB82DDD007CDAB2 /* LineShape.swift in Sources */ = {isa = PBXBuildFile; fileRef = 6159C5ED2AB82DDD007CDAB2 /* LineShape.swift */; };
		6159C5F02AB833E8007CDAB2 /* ProcessedImageView.swift in Sources */ = {isa = PBXBuildFile; fileRef = 6159C5EF2AB833E8007CDAB2 /* ProcessedImageView.swift */; };
		6159C5F32AB854DE007CDAB2 /* Realm in Frameworks */ = {isa = PBXBuildFile; productRef = 6159C5F22AB854DE007CDAB2 /* Realm */; };
		6159C5F52AB854DE007CDAB2 /* RealmSwift in Frameworks */ = {isa = PBXBuildFile; productRef = 6159C5F42AB854DE007CDAB2 /* RealmSwift */; };
		6159C5F72AB855D8007CDAB2 /* Clothing.swift in Sources */ = {isa = PBXBuildFile; fileRef = 6159C5F62AB855D8007CDAB2 /* Clothing.swift */; };
		618CFF052AA6F0C100D93C21 /* ImageSaver.swift in Sources */ = {isa = PBXBuildFile; fileRef = 618CFF042AA6F0C100D93C21 /* ImageSaver.swift */; };
		61C37BEA2ABAF46900E08DD9 /* UIColor+Extension.swift in Sources */ = {isa = PBXBuildFile; fileRef = 61C37BE92ABAF46900E08DD9 /* UIColor+Extension.swift */; };
		61C37BEF2ABB262700E08DD9 /* String+Extensions.swift in Sources */ = {isa = PBXBuildFile; fileRef = 61C37BEE2ABB262700E08DD9 /* String+Extensions.swift */; };
		61C37C122ABB512C00E08DD9 /* MobileViT_fp16.mlpackage in Sources */ = {isa = PBXBuildFile; fileRef = 61C37C112ABB512C00E08DD9 /* MobileViT_fp16.mlpackage */; };
		61C37C142ABB8A6B00E08DD9 /* GoogleService-Info.plist in Resources */ = {isa = PBXBuildFile; fileRef = 61C37C132ABB8A6B00E08DD9 /* GoogleService-Info.plist */; };
		61C37C172ABB8AFD00E08DD9 /* FirebaseAnalytics in Frameworks */ = {isa = PBXBuildFile; productRef = 61C37C162ABB8AFD00E08DD9 /* FirebaseAnalytics */; };
		61C37C192ABB8AFD00E08DD9 /* FirebaseAnalyticsWithoutAdIdSupport in Frameworks */ = {isa = PBXBuildFile; productRef = 61C37C182ABB8AFD00E08DD9 /* FirebaseAnalyticsWithoutAdIdSupport */; };
		61C37C1B2ABB8AFD00E08DD9 /* FirebaseAuth in Frameworks */ = {isa = PBXBuildFile; productRef = 61C37C1A2ABB8AFD00E08DD9 /* FirebaseAuth */; };
		61C37C1D2ABB8AFD00E08DD9 /* FirebaseAuthCombine-Community in Frameworks */ = {isa = PBXBuildFile; productRef = 61C37C1C2ABB8AFD00E08DD9 /* FirebaseAuthCombine-Community */; };
		61C37C1F2ABB8AFD00E08DD9 /* FirebaseDatabase in Frameworks */ = {isa = PBXBuildFile; productRef = 61C37C1E2ABB8AFD00E08DD9 /* FirebaseDatabase */; };
		61C37C212ABB8AFD00E08DD9 /* FirebaseDatabaseSwift in Frameworks */ = {isa = PBXBuildFile; productRef = 61C37C202ABB8AFD00E08DD9 /* FirebaseDatabaseSwift */; };
		61C37C232ABB8AFD00E08DD9 /* FirebaseFirestore in Frameworks */ = {isa = PBXBuildFile; productRef = 61C37C222ABB8AFD00E08DD9 /* FirebaseFirestore */; };
		61C37C252ABB8AFD00E08DD9 /* FirebaseFirestoreCombine-Community in Frameworks */ = {isa = PBXBuildFile; productRef = 61C37C242ABB8AFD00E08DD9 /* FirebaseFirestoreCombine-Community */; };
		61C37C272ABB8AFD00E08DD9 /* FirebaseFirestoreSwift in Frameworks */ = {isa = PBXBuildFile; productRef = 61C37C262ABB8AFD00E08DD9 /* FirebaseFirestoreSwift */; };
		61C37C292ABB8AFD00E08DD9 /* FirebaseFunctionsCombine-Community in Frameworks */ = {isa = PBXBuildFile; productRef = 61C37C282ABB8AFD00E08DD9 /* FirebaseFunctionsCombine-Community */; };
		61C37C2C2ABB8EF900E08DD9 /* FirestoreService.swift in Sources */ = {isa = PBXBuildFile; fileRef = 61C37C2B2ABB8EF900E08DD9 /* FirestoreService.swift */; };
		61C37C2E2ABB91DC00E08DD9 /* ClothingItemViewModel.swift in Sources */ = {isa = PBXBuildFile; fileRef = 61C37C2D2ABB91DC00E08DD9 /* ClothingItemViewModel.swift */; };
		61C37C312ABC26CB00E08DD9 /* ClothingDetailView.swift in Sources */ = {isa = PBXBuildFile; fileRef = 61C37C302ABC26CB00E08DD9 /* ClothingDetailView.swift */; };
		61C37C342ABC2AC600E08DD9 /* RealmServices.swift in Sources */ = {isa = PBXBuildFile; fileRef = 61C37C332ABC2AC600E08DD9 /* RealmServices.swift */; };
		61C37C362ABC2B3200E08DD9 /* RealmViewModel.swift in Sources */ = {isa = PBXBuildFile; fileRef = 61C37C352ABC2B3200E08DD9 /* RealmViewModel.swift */; };
		61C37C392ABC2C3700E08DD9 /* DataRepositoryProtocol.swift in Sources */ = {isa = PBXBuildFile; fileRef = 61C37C382ABC2C3700E08DD9 /* DataRepositoryProtocol.swift */; };
		61C37C3B2ABC321700E08DD9 /* ClothingItemGridCell.swift in Sources */ = {isa = PBXBuildFile; fileRef = 61C37C3A2ABC321700E08DD9 /* ClothingItemGridCell.swift */; };
		61C37C3D2ABC5E7100E08DD9 /* ImageProcessingProtocol.swift in Sources */ = {isa = PBXBuildFile; fileRef = 61C37C3C2ABC5E7100E08DD9 /* ImageProcessingProtocol.swift */; };
		61E01F622AB3015300F7F9B9 /* ColorThiefSwift in Frameworks */ = {isa = PBXBuildFile; productRef = 61E01F612AB3015300F7F9B9 /* ColorThiefSwift */; };
		61FACA692AAA24C500B9508E /* efficientnetv2s.mlmodel in Sources */ = {isa = PBXBuildFile; fileRef = 61FACA682AAA24C500B9508E /* efficientnetv2s.mlmodel */; };
		61FACA6B2AAA6CCF00B9508E /* Resnet50.mlmodel in Sources */ = {isa = PBXBuildFile; fileRef = 61FACA6A2AAA6CCF00B9508E /* Resnet50.mlmodel */; };
/* End PBXBuildFile section */

/* Begin PBXContainerItemProxy section */
		5C6ABFF02A9DBD1400B2E3D7 /* PBXContainerItemProxy */ = {
			isa = PBXContainerItemProxy;
			containerPortal = 5C6ABFD72A9DBD1000B2E3D7 /* Project object */;
			proxyType = 1;
			remoteGlobalIDString = 5C6ABFDE2A9DBD1100B2E3D7;
			remoteInfo = ComparingApp;
		};
		5C6ABFFA2A9DBD1400B2E3D7 /* PBXContainerItemProxy */ = {
			isa = PBXContainerItemProxy;
			containerPortal = 5C6ABFD72A9DBD1000B2E3D7 /* Project object */;
			proxyType = 1;
			remoteGlobalIDString = 5C6ABFDE2A9DBD1100B2E3D7;
			remoteInfo = ComparingApp;
		};
/* End PBXContainerItemProxy section */

/* Begin PBXFileReference section */
		5C4530F32AA05ACD00C7FD49 /* ChooseClothesView.swift */ = {isa = PBXFileReference; lastKnownFileType = sourcecode.swift; path = ChooseClothesView.swift; sourceTree = "<group>"; };
		5C4530F62AA05AFD00C7FD49 /* UIimage+Extension.swift */ = {isa = PBXFileReference; lastKnownFileType = sourcecode.swift; path = "UIimage+Extension.swift"; sourceTree = "<group>"; };
		5C4530F72AA05AFD00C7FD49 /* FileManager+Extensions.swift */ = {isa = PBXFileReference; lastKnownFileType = sourcecode.swift; path = "FileManager+Extensions.swift"; sourceTree = "<group>"; };
		5C4530FC2AA05B3400C7FD49 /* SourcePicker.swift */ = {isa = PBXFileReference; lastKnownFileType = sourcecode.swift; path = SourcePicker.swift; sourceTree = "<group>"; };
		5C4530FF2AA05B6000C7FD49 /* ComparingClothesViewModel.swift */ = {isa = PBXFileReference; lastKnownFileType = sourcecode.swift; path = ComparingClothesViewModel.swift; sourceTree = "<group>"; };
		5C4531022AA05BC000C7FD49 /* ZoomableScrollView.swift */ = {isa = PBXFileReference; lastKnownFileType = sourcecode.swift; path = ZoomableScrollView.swift; sourceTree = "<group>"; };
		5C4531032AA05BC000C7FD49 /* ImagePicker.swift */ = {isa = PBXFileReference; lastKnownFileType = sourcecode.swift; path = ImagePicker.swift; sourceTree = "<group>"; };
		5C4531072AA05E8300C7FD49 /* AnimalCalssifier.mlmodel */ = {isa = PBXFileReference; lastKnownFileType = file.mlmodel; path = AnimalCalssifier.mlmodel; sourceTree = "<group>"; };
		5C4531092AA05E9200C7FD49 /* ClothesIdentifier.mlmodel */ = {isa = PBXFileReference; lastKnownFileType = file.mlmodel; path = ClothesIdentifier.mlmodel; sourceTree = "<group>"; };
		5C6ABFDF2A9DBD1100B2E3D7 /* ComparingApp.app */ = {isa = PBXFileReference; explicitFileType = wrapper.application; includeInIndex = 0; path = ComparingApp.app; sourceTree = BUILT_PRODUCTS_DIR; };
		5C6ABFE22A9DBD1100B2E3D7 /* ComparingAppApp.swift */ = {isa = PBXFileReference; lastKnownFileType = sourcecode.swift; path = ComparingAppApp.swift; sourceTree = "<group>"; };
		5C6ABFE62A9DBD1400B2E3D7 /* Assets.xcassets */ = {isa = PBXFileReference; lastKnownFileType = folder.assetcatalog; path = Assets.xcassets; sourceTree = "<group>"; };
		5C6ABFE92A9DBD1400B2E3D7 /* Preview Assets.xcassets */ = {isa = PBXFileReference; lastKnownFileType = folder.assetcatalog; path = "Preview Assets.xcassets"; sourceTree = "<group>"; };
		5C6ABFEF2A9DBD1400B2E3D7 /* ComparingAppTests.xctest */ = {isa = PBXFileReference; explicitFileType = wrapper.cfbundle; includeInIndex = 0; path = ComparingAppTests.xctest; sourceTree = BUILT_PRODUCTS_DIR; };
		5C6ABFF32A9DBD1400B2E3D7 /* ComparingAppTests.swift */ = {isa = PBXFileReference; lastKnownFileType = sourcecode.swift; path = ComparingAppTests.swift; sourceTree = "<group>"; };
		5C6ABFF92A9DBD1400B2E3D7 /* ComparingAppUITests.xctest */ = {isa = PBXFileReference; explicitFileType = wrapper.cfbundle; includeInIndex = 0; path = ComparingAppUITests.xctest; sourceTree = BUILT_PRODUCTS_DIR; };
		5C6ABFFD2A9DBD1400B2E3D7 /* ComparingAppUITests.swift */ = {isa = PBXFileReference; lastKnownFileType = sourcecode.swift; path = ComparingAppUITests.swift; sourceTree = "<group>"; };
		5C6ABFFF2A9DBD1400B2E3D7 /* ComparingAppUITestsLaunchTests.swift */ = {isa = PBXFileReference; lastKnownFileType = sourcecode.swift; path = ComparingAppUITestsLaunchTests.swift; sourceTree = "<group>"; };
		6124CE332AB0589F00E87665 /* ImagesFromURL.swift */ = {isa = PBXFileReference; lastKnownFileType = sourcecode.swift; path = ImagesFromURL.swift; sourceTree = "<group>"; };
		6124CE382AB0A34400E87665 /* webView.swift */ = {isa = PBXFileReference; lastKnownFileType = sourcecode.swift; path = webView.swift; sourceTree = "<group>"; };
		612C9FE52AA5D3C700C9E9B6 /* clothSegmentation.mlmodel */ = {isa = PBXFileReference; lastKnownFileType = file.mlmodel; path = clothSegmentation.mlmodel; sourceTree = "<group>"; };
		613FC1DA2ABAE3EC008C8218 /* HomeView.swift */ = {isa = PBXFileReference; lastKnownFileType = sourcecode.swift; path = HomeView.swift; sourceTree = "<group>"; };
		6159C5EB2AB480F2007CDAB2 /* BeforeAndAfterSlider.swift */ = {isa = PBXFileReference; lastKnownFileType = sourcecode.swift; path = BeforeAndAfterSlider.swift; sourceTree = "<group>"; };
		6159C5ED2AB82DDD007CDAB2 /* LineShape.swift */ = {isa = PBXFileReference; lastKnownFileType = sourcecode.swift; path = LineShape.swift; sourceTree = "<group>"; };
		6159C5EF2AB833E8007CDAB2 /* ProcessedImageView.swift */ = {isa = PBXFileReference; lastKnownFileType = sourcecode.swift; path = ProcessedImageView.swift; sourceTree = "<group>"; };
		6159C5F62AB855D8007CDAB2 /* Clothing.swift */ = {isa = PBXFileReference; lastKnownFileType = sourcecode.swift; path = Clothing.swift; sourceTree = "<group>"; };
		618CFF042AA6F0C100D93C21 /* ImageSaver.swift */ = {isa = PBXFileReference; lastKnownFileType = sourcecode.swift; path = ImageSaver.swift; sourceTree = "<group>"; };
		61C37BE92ABAF46900E08DD9 /* UIColor+Extension.swift */ = {isa = PBXFileReference; lastKnownFileType = sourcecode.swift; path = "UIColor+Extension.swift"; sourceTree = "<group>"; };
		61C37BEE2ABB262700E08DD9 /* String+Extensions.swift */ = {isa = PBXFileReference; lastKnownFileType = sourcecode.swift; path = "String+Extensions.swift"; sourceTree = "<group>"; };
		61C37C112ABB512C00E08DD9 /* MobileViT_fp16.mlpackage */ = {isa = PBXFileReference; lastKnownFileType = folder.mlpackage; path = MobileViT_fp16.mlpackage; sourceTree = "<group>"; };
		61C37C132ABB8A6B00E08DD9 /* GoogleService-Info.plist */ = {isa = PBXFileReference; fileEncoding = 4; lastKnownFileType = text.plist.xml; path = "GoogleService-Info.plist"; sourceTree = "<group>"; };
		61C37C2B2ABB8EF900E08DD9 /* FirestoreService.swift */ = {isa = PBXFileReference; lastKnownFileType = sourcecode.swift; path = FirestoreService.swift; sourceTree = "<group>"; };
		61C37C2D2ABB91DC00E08DD9 /* ClothingItemViewModel.swift */ = {isa = PBXFileReference; lastKnownFileType = sourcecode.swift; path = ClothingItemViewModel.swift; sourceTree = "<group>"; };
		61C37C302ABC26CB00E08DD9 /* ClothingDetailView.swift */ = {isa = PBXFileReference; lastKnownFileType = sourcecode.swift; path = ClothingDetailView.swift; sourceTree = "<group>"; };
		61C37C332ABC2AC600E08DD9 /* RealmServices.swift */ = {isa = PBXFileReference; lastKnownFileType = sourcecode.swift; path = RealmServices.swift; sourceTree = "<group>"; };
		61C37C352ABC2B3200E08DD9 /* RealmViewModel.swift */ = {isa = PBXFileReference; lastKnownFileType = sourcecode.swift; path = RealmViewModel.swift; sourceTree = "<group>"; };
		61C37C382ABC2C3700E08DD9 /* DataRepositoryProtocol.swift */ = {isa = PBXFileReference; lastKnownFileType = sourcecode.swift; path = DataRepositoryProtocol.swift; sourceTree = "<group>"; };
		61C37C3A2ABC321700E08DD9 /* ClothingItemGridCell.swift */ = {isa = PBXFileReference; lastKnownFileType = sourcecode.swift; path = ClothingItemGridCell.swift; sourceTree = "<group>"; };
		61C37C3C2ABC5E7100E08DD9 /* ImageProcessingProtocol.swift */ = {isa = PBXFileReference; lastKnownFileType = sourcecode.swift; path = ImageProcessingProtocol.swift; sourceTree = "<group>"; };
		61FACA682AAA24C500B9508E /* efficientnetv2s.mlmodel */ = {isa = PBXFileReference; lastKnownFileType = file.mlmodel; path = efficientnetv2s.mlmodel; sourceTree = "<group>"; };
		61FACA6A2AAA6CCF00B9508E /* Resnet50.mlmodel */ = {isa = PBXFileReference; lastKnownFileType = file.mlmodel; path = Resnet50.mlmodel; sourceTree = "<group>"; };
/* End PBXFileReference section */

/* Begin PBXFrameworksBuildPhase section */
		5C6ABFDC2A9DBD1100B2E3D7 /* Frameworks */ = {
			isa = PBXFrameworksBuildPhase;
			buildActionMask = 2147483647;
			files = (
				61C37C212ABB8AFD00E08DD9 /* FirebaseDatabaseSwift in Frameworks */,
				6159C5F52AB854DE007CDAB2 /* RealmSwift in Frameworks */,
				61C37C192ABB8AFD00E08DD9 /* FirebaseAnalyticsWithoutAdIdSupport in Frameworks */,
				6159C5F32AB854DE007CDAB2 /* Realm in Frameworks */,
				6124CE372AB05B8400E87665 /* SwiftSoup in Frameworks */,
				61C37C172ABB8AFD00E08DD9 /* FirebaseAnalytics in Frameworks */,
				61C37C1B2ABB8AFD00E08DD9 /* FirebaseAuth in Frameworks */,
				61C37C292ABB8AFD00E08DD9 /* FirebaseFunctionsCombine-Community in Frameworks */,
				61C37C272ABB8AFD00E08DD9 /* FirebaseFirestoreSwift in Frameworks */,
				61C37C1F2ABB8AFD00E08DD9 /* FirebaseDatabase in Frameworks */,
				61E01F622AB3015300F7F9B9 /* ColorThiefSwift in Frameworks */,
				61C37C252ABB8AFD00E08DD9 /* FirebaseFirestoreCombine-Community in Frameworks */,
				61C37C232ABB8AFD00E08DD9 /* FirebaseFirestore in Frameworks */,
				61C37C1D2ABB8AFD00E08DD9 /* FirebaseAuthCombine-Community in Frameworks */,
			);
			runOnlyForDeploymentPostprocessing = 0;
		};
		5C6ABFEC2A9DBD1400B2E3D7 /* Frameworks */ = {
			isa = PBXFrameworksBuildPhase;
			buildActionMask = 2147483647;
			files = (
			);
			runOnlyForDeploymentPostprocessing = 0;
		};
		5C6ABFF62A9DBD1400B2E3D7 /* Frameworks */ = {
			isa = PBXFrameworksBuildPhase;
			buildActionMask = 2147483647;
			files = (
			);
			runOnlyForDeploymentPostprocessing = 0;
		};
/* End PBXFrameworksBuildPhase section */

/* Begin PBXGroup section */
		5C4530F52AA05AEE00C7FD49 /* Views */ = {
			isa = PBXGroup;
			children = (
				5C4530F32AA05ACD00C7FD49 /* ChooseClothesView.swift */,
				6124CE332AB0589F00E87665 /* ImagesFromURL.swift */,
				6159C5ED2AB82DDD007CDAB2 /* LineShape.swift */,
				6124CE382AB0A34400E87665 /* webView.swift */,
				6159C5EF2AB833E8007CDAB2 /* ProcessedImageView.swift */,
				613FC1DA2ABAE3EC008C8218 /* HomeView.swift */,
				61C37C302ABC26CB00E08DD9 /* ClothingDetailView.swift */,
			);
			path = Views;
			sourceTree = "<group>";
		};
		5C4530FA2AA05B1000C7FD49 /* Extensions */ = {
			isa = PBXGroup;
			children = (
				5C4530F72AA05AFD00C7FD49 /* FileManager+Extensions.swift */,
				5C4530F62AA05AFD00C7FD49 /* UIimage+Extension.swift */,
				5C4531062AA05BCD00C7FD49 /* UIViewRepresentables */,
				61C37BE92ABAF46900E08DD9 /* UIColor+Extension.swift */,
				61C37BEE2ABB262700E08DD9 /* String+Extensions.swift */,
			);
			path = Extensions;
			sourceTree = "<group>";
		};
		5C4530FE2AA05B4500C7FD49 /* Models */ = {
			isa = PBXGroup;
			children = (
				61C37BEB2ABAF7D100E08DD9 /* Realm */,
				5C4531072AA05E8300C7FD49 /* AnimalCalssifier.mlmodel */,
				61FACA6A2AAA6CCF00B9508E /* Resnet50.mlmodel */,
				61C37C112ABB512C00E08DD9 /* MobileViT_fp16.mlpackage */,
				61FACA682AAA24C500B9508E /* efficientnetv2s.mlmodel */,
				612C9FE52AA5D3C700C9E9B6 /* clothSegmentation.mlmodel */,
				5C4531092AA05E9200C7FD49 /* ClothesIdentifier.mlmodel */,
				5C4530FC2AA05B3400C7FD49 /* SourcePicker.swift */,
			);
			path = Models;
			sourceTree = "<group>";
		};
		5C4531012AA05B8500C7FD49 /* ViewModels */ = {
			isa = PBXGroup;
			children = (
				5C4530FF2AA05B6000C7FD49 /* ComparingClothesViewModel.swift */,
				61C37C2D2ABB91DC00E08DD9 /* ClothingItemViewModel.swift */,
				61C37C352ABC2B3200E08DD9 /* RealmViewModel.swift */,
			);
			path = ViewModels;
			sourceTree = "<group>";
		};
		5C4531062AA05BCD00C7FD49 /* UIViewRepresentables */ = {
			isa = PBXGroup;
			children = (
				5C4531032AA05BC000C7FD49 /* ImagePicker.swift */,
				5C4531022AA05BC000C7FD49 /* ZoomableScrollView.swift */,
			);
			path = UIViewRepresentables;
			sourceTree = "<group>";
		};
		5C6ABFD62A9DBD1000B2E3D7 = {
			isa = PBXGroup;
			children = (
				5C6ABFE12A9DBD1100B2E3D7 /* ComparingApp */,
				5C6ABFF22A9DBD1400B2E3D7 /* ComparingAppTests */,
				5C6ABFFC2A9DBD1400B2E3D7 /* ComparingAppUITests */,
				5C6ABFE02A9DBD1100B2E3D7 /* Products */,
			);
			sourceTree = "<group>";
		};
		5C6ABFE02A9DBD1100B2E3D7 /* Products */ = {
			isa = PBXGroup;
			children = (
				5C6ABFDF2A9DBD1100B2E3D7 /* ComparingApp.app */,
				5C6ABFEF2A9DBD1400B2E3D7 /* ComparingAppTests.xctest */,
				5C6ABFF92A9DBD1400B2E3D7 /* ComparingAppUITests.xctest */,
			);
			name = Products;
			sourceTree = "<group>";
		};
		5C6ABFE12A9DBD1100B2E3D7 /* ComparingApp */ = {
			isa = PBXGroup;
			children = (
				61C37C372ABC2C1D00E08DD9 /* Protocols */,
				61C37C2F2ABB94F800E08DD9 /* Services */,
				61C37C132ABB8A6B00E08DD9 /* GoogleService-Info.plist */,
				6159C5EA2AB480D9007CDAB2 /* Components */,
				618CFF032AA6F0B400D93C21 /* Utilities */,
				5C6ABFE22A9DBD1100B2E3D7 /* ComparingAppApp.swift */,
				5C4530F52AA05AEE00C7FD49 /* Views */,
				5C4531012AA05B8500C7FD49 /* ViewModels */,
				5C4530FE2AA05B4500C7FD49 /* Models */,
				5C4530FA2AA05B1000C7FD49 /* Extensions */,
				5C6ABFE62A9DBD1400B2E3D7 /* Assets.xcassets */,
				5C6ABFE82A9DBD1400B2E3D7 /* Preview Content */,
			);
			path = ComparingApp;
			sourceTree = "<group>";
		};
		5C6ABFE82A9DBD1400B2E3D7 /* Preview Content */ = {
			isa = PBXGroup;
			children = (
				5C6ABFE92A9DBD1400B2E3D7 /* Preview Assets.xcassets */,
			);
			path = "Preview Content";
			sourceTree = "<group>";
		};
		5C6ABFF22A9DBD1400B2E3D7 /* ComparingAppTests */ = {
			isa = PBXGroup;
			children = (
				5C6ABFF32A9DBD1400B2E3D7 /* ComparingAppTests.swift */,
			);
			path = ComparingAppTests;
			sourceTree = "<group>";
		};
		5C6ABFFC2A9DBD1400B2E3D7 /* ComparingAppUITests */ = {
			isa = PBXGroup;
			children = (
				5C6ABFFD2A9DBD1400B2E3D7 /* ComparingAppUITests.swift */,
				5C6ABFFF2A9DBD1400B2E3D7 /* ComparingAppUITestsLaunchTests.swift */,
			);
			path = ComparingAppUITests;
			sourceTree = "<group>";
		};
		6159C5EA2AB480D9007CDAB2 /* Components */ = {
			isa = PBXGroup;
			children = (
				6159C5EB2AB480F2007CDAB2 /* BeforeAndAfterSlider.swift */,
				61C37C3A2ABC321700E08DD9 /* ClothingItemGridCell.swift */,
			);
			path = Components;
			sourceTree = "<group>";
		};
		618CFF032AA6F0B400D93C21 /* Utilities */ = {
			isa = PBXGroup;
			children = (
				618CFF042AA6F0C100D93C21 /* ImageSaver.swift */,
			);
			path = Utilities;
			sourceTree = "<group>";
		};
		61C37BEB2ABAF7D100E08DD9 /* Realm */ = {
			isa = PBXGroup;
			children = (
				6159C5F62AB855D8007CDAB2 /* Clothing.swift */,
			);
			path = Realm;
			sourceTree = "<group>";
		};
		61C37C2A2ABB8EDF00E08DD9 /* Firestore */ = {
			isa = PBXGroup;
			children = (
				61C37C2B2ABB8EF900E08DD9 /* FirestoreService.swift */,
			);
			path = Firestore;
			sourceTree = "<group>";
		};
		61C37C2F2ABB94F800E08DD9 /* Services */ = {
			isa = PBXGroup;
			children = (
				61C37C322ABC2AB700E08DD9 /* Realm */,
				61C37C2A2ABB8EDF00E08DD9 /* Firestore */,
			);
			path = Services;
			sourceTree = "<group>";
		};
		61C37C322ABC2AB700E08DD9 /* Realm */ = {
			isa = PBXGroup;
			children = (
				61C37C332ABC2AC600E08DD9 /* RealmServices.swift */,
			);
			path = Realm;
			sourceTree = "<group>";
		};
		61C37C372ABC2C1D00E08DD9 /* Protocols */ = {
			isa = PBXGroup;
			children = (
				61C37C382ABC2C3700E08DD9 /* DataRepositoryProtocol.swift */,
				61C37C3C2ABC5E7100E08DD9 /* ImageProcessingProtocol.swift */,
			);
			path = Protocols;
			sourceTree = "<group>";
		};
/* End PBXGroup section */

/* Begin PBXNativeTarget section */
		5C6ABFDE2A9DBD1100B2E3D7 /* ComparingApp */ = {
			isa = PBXNativeTarget;
			buildConfigurationList = 5C6AC0032A9DBD1400B2E3D7 /* Build configuration list for PBXNativeTarget "ComparingApp" */;
			buildPhases = (
				5C6ABFDB2A9DBD1100B2E3D7 /* Sources */,
				5C6ABFDC2A9DBD1100B2E3D7 /* Frameworks */,
				5C6ABFDD2A9DBD1100B2E3D7 /* Resources */,
			);
			buildRules = (
			);
			dependencies = (
			);
			name = ComparingApp;
			packageProductDependencies = (
				6124CE362AB05B8400E87665 /* SwiftSoup */,
				61E01F612AB3015300F7F9B9 /* ColorThiefSwift */,
				6159C5F22AB854DE007CDAB2 /* Realm */,
				6159C5F42AB854DE007CDAB2 /* RealmSwift */,
				61C37C162ABB8AFD00E08DD9 /* FirebaseAnalytics */,
				61C37C182ABB8AFD00E08DD9 /* FirebaseAnalyticsWithoutAdIdSupport */,
				61C37C1A2ABB8AFD00E08DD9 /* FirebaseAuth */,
				61C37C1C2ABB8AFD00E08DD9 /* FirebaseAuthCombine-Community */,
				61C37C1E2ABB8AFD00E08DD9 /* FirebaseDatabase */,
				61C37C202ABB8AFD00E08DD9 /* FirebaseDatabaseSwift */,
				61C37C222ABB8AFD00E08DD9 /* FirebaseFirestore */,
				61C37C242ABB8AFD00E08DD9 /* FirebaseFirestoreCombine-Community */,
				61C37C262ABB8AFD00E08DD9 /* FirebaseFirestoreSwift */,
				61C37C282ABB8AFD00E08DD9 /* FirebaseFunctionsCombine-Community */,
			);
			productName = ComparingApp;
			productReference = 5C6ABFDF2A9DBD1100B2E3D7 /* ComparingApp.app */;
			productType = "com.apple.product-type.application";
		};
		5C6ABFEE2A9DBD1400B2E3D7 /* ComparingAppTests */ = {
			isa = PBXNativeTarget;
			buildConfigurationList = 5C6AC0062A9DBD1400B2E3D7 /* Build configuration list for PBXNativeTarget "ComparingAppTests" */;
			buildPhases = (
				5C6ABFEB2A9DBD1400B2E3D7 /* Sources */,
				5C6ABFEC2A9DBD1400B2E3D7 /* Frameworks */,
				5C6ABFED2A9DBD1400B2E3D7 /* Resources */,
			);
			buildRules = (
			);
			dependencies = (
				5C6ABFF12A9DBD1400B2E3D7 /* PBXTargetDependency */,
			);
			name = ComparingAppTests;
			productName = ComparingAppTests;
			productReference = 5C6ABFEF2A9DBD1400B2E3D7 /* ComparingAppTests.xctest */;
			productType = "com.apple.product-type.bundle.unit-test";
		};
		5C6ABFF82A9DBD1400B2E3D7 /* ComparingAppUITests */ = {
			isa = PBXNativeTarget;
			buildConfigurationList = 5C6AC0092A9DBD1400B2E3D7 /* Build configuration list for PBXNativeTarget "ComparingAppUITests" */;
			buildPhases = (
				5C6ABFF52A9DBD1400B2E3D7 /* Sources */,
				5C6ABFF62A9DBD1400B2E3D7 /* Frameworks */,
				5C6ABFF72A9DBD1400B2E3D7 /* Resources */,
			);
			buildRules = (
			);
			dependencies = (
				5C6ABFFB2A9DBD1400B2E3D7 /* PBXTargetDependency */,
			);
			name = ComparingAppUITests;
			productName = ComparingAppUITests;
			productReference = 5C6ABFF92A9DBD1400B2E3D7 /* ComparingAppUITests.xctest */;
			productType = "com.apple.product-type.bundle.ui-testing";
		};
/* End PBXNativeTarget section */

/* Begin PBXProject section */
		5C6ABFD72A9DBD1000B2E3D7 /* Project object */ = {
			isa = PBXProject;
			attributes = {
				BuildIndependentTargetsInParallel = 1;
				LastSwiftUpdateCheck = 1430;
				LastUpgradeCheck = 1430;
				TargetAttributes = {
					5C6ABFDE2A9DBD1100B2E3D7 = {
						CreatedOnToolsVersion = 14.3;
					};
					5C6ABFEE2A9DBD1400B2E3D7 = {
						CreatedOnToolsVersion = 14.3;
						TestTargetID = 5C6ABFDE2A9DBD1100B2E3D7;
					};
					5C6ABFF82A9DBD1400B2E3D7 = {
						CreatedOnToolsVersion = 14.3;
						TestTargetID = 5C6ABFDE2A9DBD1100B2E3D7;
					};
				};
			};
			buildConfigurationList = 5C6ABFDA2A9DBD1000B2E3D7 /* Build configuration list for PBXProject "ComparingApp" */;
			compatibilityVersion = "Xcode 14.0";
			developmentRegion = en;
			hasScannedForEncodings = 0;
			knownRegions = (
				en,
				Base,
			);
			mainGroup = 5C6ABFD62A9DBD1000B2E3D7;
			packageReferences = (
				6124CE352AB05B8400E87665 /* XCRemoteSwiftPackageReference "SwiftSoup" */,
				61E01F602AB3015300F7F9B9 /* XCRemoteSwiftPackageReference "ColorThiefSwift" */,
				6159C5F12AB854DE007CDAB2 /* XCRemoteSwiftPackageReference "realm-swift" */,
				61C37C152ABB8AFD00E08DD9 /* XCRemoteSwiftPackageReference "firebase-ios-sdk" */,
			);
			productRefGroup = 5C6ABFE02A9DBD1100B2E3D7 /* Products */;
			projectDirPath = "";
			projectRoot = "";
			targets = (
				5C6ABFDE2A9DBD1100B2E3D7 /* ComparingApp */,
				5C6ABFEE2A9DBD1400B2E3D7 /* ComparingAppTests */,
				5C6ABFF82A9DBD1400B2E3D7 /* ComparingAppUITests */,
			);
		};
/* End PBXProject section */

/* Begin PBXResourcesBuildPhase section */
		5C6ABFDD2A9DBD1100B2E3D7 /* Resources */ = {
			isa = PBXResourcesBuildPhase;
			buildActionMask = 2147483647;
			files = (
				5C6ABFEA2A9DBD1400B2E3D7 /* Preview Assets.xcassets in Resources */,
				5C6ABFE72A9DBD1400B2E3D7 /* Assets.xcassets in Resources */,
				61C37C142ABB8A6B00E08DD9 /* GoogleService-Info.plist in Resources */,
			);
			runOnlyForDeploymentPostprocessing = 0;
		};
		5C6ABFED2A9DBD1400B2E3D7 /* Resources */ = {
			isa = PBXResourcesBuildPhase;
			buildActionMask = 2147483647;
			files = (
			);
			runOnlyForDeploymentPostprocessing = 0;
		};
		5C6ABFF72A9DBD1400B2E3D7 /* Resources */ = {
			isa = PBXResourcesBuildPhase;
			buildActionMask = 2147483647;
			files = (
			);
			runOnlyForDeploymentPostprocessing = 0;
		};
/* End PBXResourcesBuildPhase section */

/* Begin PBXSourcesBuildPhase section */
		5C6ABFDB2A9DBD1100B2E3D7 /* Sources */ = {
			isa = PBXSourcesBuildPhase;
			buildActionMask = 2147483647;
			files = (
				5C4531052AA05BC000C7FD49 /* ZoomableScrollView.swift in Sources */,
				61C37C2C2ABB8EF900E08DD9 /* FirestoreService.swift in Sources */,
				6159C5F72AB855D8007CDAB2 /* Clothing.swift in Sources */,
				6124CE392AB0A34400E87665 /* webView.swift in Sources */,
				612C9FE62AA5D3C700C9E9B6 /* clothSegmentation.mlmodel in Sources */,
				6124CE342AB0589F00E87665 /* ImagesFromURL.swift in Sources */,
				5C4530F92AA05AFD00C7FD49 /* UIimage+Extension.swift in Sources */,
				6159C5EC2AB480F2007CDAB2 /* BeforeAndAfterSlider.swift in Sources */,
				61C37C3B2ABC321700E08DD9 /* ClothingItemGridCell.swift in Sources */,
				5C4531082AA05E8300C7FD49 /* AnimalCalssifier.mlmodel in Sources */,
				61C37C3D2ABC5E7100E08DD9 /* ImageProcessingProtocol.swift in Sources */,
				5C4531002AA05B6000C7FD49 /* ComparingClothesViewModel.swift in Sources */,
				5C4531042AA05BC000C7FD49 /* ImagePicker.swift in Sources */,
				61C37C122ABB512C00E08DD9 /* MobileViT_fp16.mlpackage in Sources */,
				5C6ABFE32A9DBD1100B2E3D7 /* ComparingAppApp.swift in Sources */,
				61C37C312ABC26CB00E08DD9 /* ClothingDetailView.swift in Sources */,
				61C37C362ABC2B3200E08DD9 /* RealmViewModel.swift in Sources */,
				61FACA692AAA24C500B9508E /* efficientnetv2s.mlmodel in Sources */,
				5C4530F42AA05ACD00C7FD49 /* ChooseClothesView.swift in Sources */,
				6159C5EE2AB82DDD007CDAB2 /* LineShape.swift in Sources */,
				61C37BEA2ABAF46900E08DD9 /* UIColor+Extension.swift in Sources */,
				61C37C2E2ABB91DC00E08DD9 /* ClothingItemViewModel.swift in Sources */,
				61C37BEF2ABB262700E08DD9 /* String+Extensions.swift in Sources */,
				61C37C392ABC2C3700E08DD9 /* DataRepositoryProtocol.swift in Sources */,
				61FACA6B2AAA6CCF00B9508E /* Resnet50.mlmodel in Sources */,
				5C4530FD2AA05B3400C7FD49 /* SourcePicker.swift in Sources */,
				618CFF052AA6F0C100D93C21 /* ImageSaver.swift in Sources */,
				6159C5F02AB833E8007CDAB2 /* ProcessedImageView.swift in Sources */,
				5C45310A2AA05E9200C7FD49 /* ClothesIdentifier.mlmodel in Sources */,
				613FC1DB2ABAE3EC008C8218 /* HomeView.swift in Sources */,
				5C4530F82AA05AFD00C7FD49 /* FileManager+Extensions.swift in Sources */,
				61C37C342ABC2AC600E08DD9 /* RealmServices.swift in Sources */,
			);
			runOnlyForDeploymentPostprocessing = 0;
		};
		5C6ABFEB2A9DBD1400B2E3D7 /* Sources */ = {
			isa = PBXSourcesBuildPhase;
			buildActionMask = 2147483647;
			files = (
				5C6ABFF42A9DBD1400B2E3D7 /* ComparingAppTests.swift in Sources */,
			);
			runOnlyForDeploymentPostprocessing = 0;
		};
		5C6ABFF52A9DBD1400B2E3D7 /* Sources */ = {
			isa = PBXSourcesBuildPhase;
			buildActionMask = 2147483647;
			files = (
				5C6ABFFE2A9DBD1400B2E3D7 /* ComparingAppUITests.swift in Sources */,
				5C6AC0002A9DBD1400B2E3D7 /* ComparingAppUITestsLaunchTests.swift in Sources */,
			);
			runOnlyForDeploymentPostprocessing = 0;
		};
/* End PBXSourcesBuildPhase section */

/* Begin PBXTargetDependency section */
		5C6ABFF12A9DBD1400B2E3D7 /* PBXTargetDependency */ = {
			isa = PBXTargetDependency;
			target = 5C6ABFDE2A9DBD1100B2E3D7 /* ComparingApp */;
			targetProxy = 5C6ABFF02A9DBD1400B2E3D7 /* PBXContainerItemProxy */;
		};
		5C6ABFFB2A9DBD1400B2E3D7 /* PBXTargetDependency */ = {
			isa = PBXTargetDependency;
			target = 5C6ABFDE2A9DBD1100B2E3D7 /* ComparingApp */;
			targetProxy = 5C6ABFFA2A9DBD1400B2E3D7 /* PBXContainerItemProxy */;
		};
/* End PBXTargetDependency section */

/* Begin XCBuildConfiguration section */
		5C6AC0012A9DBD1400B2E3D7 /* Debug */ = {
			isa = XCBuildConfiguration;
			buildSettings = {
				ALWAYS_SEARCH_USER_PATHS = NO;
				CLANG_ANALYZER_NONNULL = YES;
				CLANG_ANALYZER_NUMBER_OBJECT_CONVERSION = YES_AGGRESSIVE;
				CLANG_CXX_LANGUAGE_STANDARD = "gnu++20";
				CLANG_ENABLE_MODULES = YES;
				CLANG_ENABLE_OBJC_ARC = YES;
				CLANG_ENABLE_OBJC_WEAK = YES;
				CLANG_WARN_BLOCK_CAPTURE_AUTORELEASING = YES;
				CLANG_WARN_BOOL_CONVERSION = YES;
				CLANG_WARN_COMMA = YES;
				CLANG_WARN_CONSTANT_CONVERSION = YES;
				CLANG_WARN_DEPRECATED_OBJC_IMPLEMENTATIONS = YES;
				CLANG_WARN_DIRECT_OBJC_ISA_USAGE = YES_ERROR;
				CLANG_WARN_DOCUMENTATION_COMMENTS = YES;
				CLANG_WARN_EMPTY_BODY = YES;
				CLANG_WARN_ENUM_CONVERSION = YES;
				CLANG_WARN_INFINITE_RECURSION = YES;
				CLANG_WARN_INT_CONVERSION = YES;
				CLANG_WARN_NON_LITERAL_NULL_CONVERSION = YES;
				CLANG_WARN_OBJC_IMPLICIT_RETAIN_SELF = YES;
				CLANG_WARN_OBJC_LITERAL_CONVERSION = YES;
				CLANG_WARN_OBJC_ROOT_CLASS = YES_ERROR;
				CLANG_WARN_QUOTED_INCLUDE_IN_FRAMEWORK_HEADER = YES;
				CLANG_WARN_RANGE_LOOP_ANALYSIS = YES;
				CLANG_WARN_STRICT_PROTOTYPES = YES;
				CLANG_WARN_SUSPICIOUS_MOVE = YES;
				CLANG_WARN_UNGUARDED_AVAILABILITY = YES_AGGRESSIVE;
				CLANG_WARN_UNREACHABLE_CODE = YES;
				CLANG_WARN__DUPLICATE_METHOD_MATCH = YES;
				COPY_PHASE_STRIP = NO;
				DEBUG_INFORMATION_FORMAT = dwarf;
				ENABLE_STRICT_OBJC_MSGSEND = YES;
				ENABLE_TESTABILITY = YES;
				GCC_C_LANGUAGE_STANDARD = gnu11;
				GCC_DYNAMIC_NO_PIC = NO;
				GCC_NO_COMMON_BLOCKS = YES;
				GCC_OPTIMIZATION_LEVEL = 0;
				GCC_PREPROCESSOR_DEFINITIONS = (
					"DEBUG=1",
					"$(inherited)",
				);
				GCC_WARN_64_TO_32_BIT_CONVERSION = YES;
				GCC_WARN_ABOUT_RETURN_TYPE = YES_ERROR;
				GCC_WARN_UNDECLARED_SELECTOR = YES;
				GCC_WARN_UNINITIALIZED_AUTOS = YES_AGGRESSIVE;
				GCC_WARN_UNUSED_FUNCTION = YES;
				GCC_WARN_UNUSED_VARIABLE = YES;
				IPHONEOS_DEPLOYMENT_TARGET = 16.4;
				MTL_ENABLE_DEBUG_INFO = INCLUDE_SOURCE;
				MTL_FAST_MATH = YES;
				ONLY_ACTIVE_ARCH = YES;
				SDKROOT = iphoneos;
				SWIFT_ACTIVE_COMPILATION_CONDITIONS = DEBUG;
				SWIFT_OPTIMIZATION_LEVEL = "-Onone";
			};
			name = Debug;
		};
		5C6AC0022A9DBD1400B2E3D7 /* Release */ = {
			isa = XCBuildConfiguration;
			buildSettings = {
				ALWAYS_SEARCH_USER_PATHS = NO;
				CLANG_ANALYZER_NONNULL = YES;
				CLANG_ANALYZER_NUMBER_OBJECT_CONVERSION = YES_AGGRESSIVE;
				CLANG_CXX_LANGUAGE_STANDARD = "gnu++20";
				CLANG_ENABLE_MODULES = YES;
				CLANG_ENABLE_OBJC_ARC = YES;
				CLANG_ENABLE_OBJC_WEAK = YES;
				CLANG_WARN_BLOCK_CAPTURE_AUTORELEASING = YES;
				CLANG_WARN_BOOL_CONVERSION = YES;
				CLANG_WARN_COMMA = YES;
				CLANG_WARN_CONSTANT_CONVERSION = YES;
				CLANG_WARN_DEPRECATED_OBJC_IMPLEMENTATIONS = YES;
				CLANG_WARN_DIRECT_OBJC_ISA_USAGE = YES_ERROR;
				CLANG_WARN_DOCUMENTATION_COMMENTS = YES;
				CLANG_WARN_EMPTY_BODY = YES;
				CLANG_WARN_ENUM_CONVERSION = YES;
				CLANG_WARN_INFINITE_RECURSION = YES;
				CLANG_WARN_INT_CONVERSION = YES;
				CLANG_WARN_NON_LITERAL_NULL_CONVERSION = YES;
				CLANG_WARN_OBJC_IMPLICIT_RETAIN_SELF = YES;
				CLANG_WARN_OBJC_LITERAL_CONVERSION = YES;
				CLANG_WARN_OBJC_ROOT_CLASS = YES_ERROR;
				CLANG_WARN_QUOTED_INCLUDE_IN_FRAMEWORK_HEADER = YES;
				CLANG_WARN_RANGE_LOOP_ANALYSIS = YES;
				CLANG_WARN_STRICT_PROTOTYPES = YES;
				CLANG_WARN_SUSPICIOUS_MOVE = YES;
				CLANG_WARN_UNGUARDED_AVAILABILITY = YES_AGGRESSIVE;
				CLANG_WARN_UNREACHABLE_CODE = YES;
				CLANG_WARN__DUPLICATE_METHOD_MATCH = YES;
				COPY_PHASE_STRIP = NO;
				DEBUG_INFORMATION_FORMAT = "dwarf-with-dsym";
				ENABLE_NS_ASSERTIONS = NO;
				ENABLE_STRICT_OBJC_MSGSEND = YES;
				GCC_C_LANGUAGE_STANDARD = gnu11;
				GCC_NO_COMMON_BLOCKS = YES;
				GCC_WARN_64_TO_32_BIT_CONVERSION = YES;
				GCC_WARN_ABOUT_RETURN_TYPE = YES_ERROR;
				GCC_WARN_UNDECLARED_SELECTOR = YES;
				GCC_WARN_UNINITIALIZED_AUTOS = YES_AGGRESSIVE;
				GCC_WARN_UNUSED_FUNCTION = YES;
				GCC_WARN_UNUSED_VARIABLE = YES;
				IPHONEOS_DEPLOYMENT_TARGET = 16.4;
				MTL_ENABLE_DEBUG_INFO = NO;
				MTL_FAST_MATH = YES;
				SDKROOT = iphoneos;
				SWIFT_COMPILATION_MODE = wholemodule;
				SWIFT_OPTIMIZATION_LEVEL = "-O";
				VALIDATE_PRODUCT = YES;
			};
			name = Release;
		};
		5C6AC0042A9DBD1400B2E3D7 /* Debug */ = {
			isa = XCBuildConfiguration;
			buildSettings = {
				ASSETCATALOG_COMPILER_APPICON_NAME = AppIcon;
				ASSETCATALOG_COMPILER_GLOBAL_ACCENT_COLOR_NAME = AccentColor;
				CODE_SIGN_STYLE = Automatic;
				CURRENT_PROJECT_VERSION = 1;
				DEVELOPMENT_ASSET_PATHS = "\"ComparingApp/Preview Content\"";
				DEVELOPMENT_TEAM = "";
				ENABLE_PREVIEWS = YES;
				GENERATE_INFOPLIST_FILE = YES;
				INFOPLIST_KEY_CFBundleDisplayName = "re-image";
				INFOPLIST_KEY_NSPhotoLibraryAddUsageDescription = "We want to save the png mask ";
				INFOPLIST_KEY_UIApplicationSceneManifest_Generation = YES;
				INFOPLIST_KEY_UIApplicationSupportsIndirectInputEvents = YES;
				INFOPLIST_KEY_UILaunchScreen_Generation = YES;
				INFOPLIST_KEY_UISupportedInterfaceOrientations_iPad = "UIInterfaceOrientationPortrait UIInterfaceOrientationPortraitUpsideDown UIInterfaceOrientationLandscapeLeft UIInterfaceOrientationLandscapeRight";
				INFOPLIST_KEY_UISupportedInterfaceOrientations_iPhone = "UIInterfaceOrientationPortrait UIInterfaceOrientationLandscapeLeft UIInterfaceOrientationLandscapeRight";
				LD_RUNPATH_SEARCH_PATHS = (
					"$(inherited)",
					"@executable_path/Frameworks",
				);
				MARKETING_VERSION = 1.0;
				PRODUCT_BUNDLE_IDENTIFIER = "com.glucode.re-image";
				PRODUCT_NAME = "$(TARGET_NAME)";
				SWIFT_EMIT_LOC_STRINGS = YES;
				SWIFT_VERSION = 5.0;
				TARGETED_DEVICE_FAMILY = "1,2";
			};
			name = Debug;
		};
		5C6AC0052A9DBD1400B2E3D7 /* Release */ = {
			isa = XCBuildConfiguration;
			buildSettings = {
				ASSETCATALOG_COMPILER_APPICON_NAME = AppIcon;
				ASSETCATALOG_COMPILER_GLOBAL_ACCENT_COLOR_NAME = AccentColor;
				CODE_SIGN_STYLE = Automatic;
				CURRENT_PROJECT_VERSION = 1;
				DEVELOPMENT_ASSET_PATHS = "\"ComparingApp/Preview Content\"";
				DEVELOPMENT_TEAM = "";
				ENABLE_PREVIEWS = YES;
				GENERATE_INFOPLIST_FILE = YES;
				INFOPLIST_KEY_CFBundleDisplayName = "re-image";
				INFOPLIST_KEY_NSPhotoLibraryAddUsageDescription = "We want to save the png mask ";
				INFOPLIST_KEY_UIApplicationSceneManifest_Generation = YES;
				INFOPLIST_KEY_UIApplicationSupportsIndirectInputEvents = YES;
				INFOPLIST_KEY_UILaunchScreen_Generation = YES;
				INFOPLIST_KEY_UISupportedInterfaceOrientations_iPad = "UIInterfaceOrientationPortrait UIInterfaceOrientationPortraitUpsideDown UIInterfaceOrientationLandscapeLeft UIInterfaceOrientationLandscapeRight";
				INFOPLIST_KEY_UISupportedInterfaceOrientations_iPhone = "UIInterfaceOrientationPortrait UIInterfaceOrientationLandscapeLeft UIInterfaceOrientationLandscapeRight";
				LD_RUNPATH_SEARCH_PATHS = (
					"$(inherited)",
					"@executable_path/Frameworks",
				);
				MARKETING_VERSION = 1.0;
				PRODUCT_BUNDLE_IDENTIFIER = "com.glucode.re-image";
				PRODUCT_NAME = "$(TARGET_NAME)";
				SWIFT_EMIT_LOC_STRINGS = YES;
				SWIFT_VERSION = 5.0;
				TARGETED_DEVICE_FAMILY = "1,2";
			};
			name = Release;
		};
		5C6AC0072A9DBD1400B2E3D7 /* Debug */ = {
			isa = XCBuildConfiguration;
			buildSettings = {
				ALWAYS_EMBED_SWIFT_STANDARD_LIBRARIES = YES;
				BUNDLE_LOADER = "$(TEST_HOST)";
				CODE_SIGN_STYLE = Automatic;
				CURRENT_PROJECT_VERSION = 1;
				DEVELOPMENT_TEAM = GZ2NG9D5X5;
				GENERATE_INFOPLIST_FILE = YES;
				IPHONEOS_DEPLOYMENT_TARGET = 16.4;
				MARKETING_VERSION = 1.0;
				PRODUCT_BUNDLE_IDENTIFIER = com.sibu.ComparingAppTests;
				PRODUCT_NAME = "$(TARGET_NAME)";
				SWIFT_EMIT_LOC_STRINGS = NO;
				SWIFT_VERSION = 5.0;
				TARGETED_DEVICE_FAMILY = "1,2";
				TEST_HOST = "$(BUILT_PRODUCTS_DIR)/ComparingApp.app/$(BUNDLE_EXECUTABLE_FOLDER_PATH)/ComparingApp";
			};
			name = Debug;
		};
		5C6AC0082A9DBD1400B2E3D7 /* Release */ = {
			isa = XCBuildConfiguration;
			buildSettings = {
				ALWAYS_EMBED_SWIFT_STANDARD_LIBRARIES = YES;
				BUNDLE_LOADER = "$(TEST_HOST)";
				CODE_SIGN_STYLE = Automatic;
				CURRENT_PROJECT_VERSION = 1;
				DEVELOPMENT_TEAM = GZ2NG9D5X5;
				GENERATE_INFOPLIST_FILE = YES;
				IPHONEOS_DEPLOYMENT_TARGET = 16.4;
				MARKETING_VERSION = 1.0;
				PRODUCT_BUNDLE_IDENTIFIER = com.sibu.ComparingAppTests;
				PRODUCT_NAME = "$(TARGET_NAME)";
				SWIFT_EMIT_LOC_STRINGS = NO;
				SWIFT_VERSION = 5.0;
				TARGETED_DEVICE_FAMILY = "1,2";
				TEST_HOST = "$(BUILT_PRODUCTS_DIR)/ComparingApp.app/$(BUNDLE_EXECUTABLE_FOLDER_PATH)/ComparingApp";
			};
			name = Release;
		};
		5C6AC00A2A9DBD1400B2E3D7 /* Debug */ = {
			isa = XCBuildConfiguration;
			buildSettings = {
				ALWAYS_EMBED_SWIFT_STANDARD_LIBRARIES = YES;
				CODE_SIGN_STYLE = Automatic;
				CURRENT_PROJECT_VERSION = 1;
				DEVELOPMENT_TEAM = GZ2NG9D5X5;
				GENERATE_INFOPLIST_FILE = YES;
				MARKETING_VERSION = 1.0;
				PRODUCT_BUNDLE_IDENTIFIER = com.sibu.ComparingAppUITests;
				PRODUCT_NAME = "$(TARGET_NAME)";
				SWIFT_EMIT_LOC_STRINGS = NO;
				SWIFT_VERSION = 5.0;
				TARGETED_DEVICE_FAMILY = "1,2";
				TEST_TARGET_NAME = ComparingApp;
			};
			name = Debug;
		};
		5C6AC00B2A9DBD1400B2E3D7 /* Release */ = {
			isa = XCBuildConfiguration;
			buildSettings = {
				ALWAYS_EMBED_SWIFT_STANDARD_LIBRARIES = YES;
				CODE_SIGN_STYLE = Automatic;
				CURRENT_PROJECT_VERSION = 1;
				DEVELOPMENT_TEAM = GZ2NG9D5X5;
				GENERATE_INFOPLIST_FILE = YES;
				MARKETING_VERSION = 1.0;
				PRODUCT_BUNDLE_IDENTIFIER = com.sibu.ComparingAppUITests;
				PRODUCT_NAME = "$(TARGET_NAME)";
				SWIFT_EMIT_LOC_STRINGS = NO;
				SWIFT_VERSION = 5.0;
				TARGETED_DEVICE_FAMILY = "1,2";
				TEST_TARGET_NAME = ComparingApp;
			};
			name = Release;
		};
/* End XCBuildConfiguration section */

/* Begin XCConfigurationList section */
		5C6ABFDA2A9DBD1000B2E3D7 /* Build configuration list for PBXProject "ComparingApp" */ = {
			isa = XCConfigurationList;
			buildConfigurations = (
				5C6AC0012A9DBD1400B2E3D7 /* Debug */,
				5C6AC0022A9DBD1400B2E3D7 /* Release */,
			);
			defaultConfigurationIsVisible = 0;
			defaultConfigurationName = Release;
		};
		5C6AC0032A9DBD1400B2E3D7 /* Build configuration list for PBXNativeTarget "ComparingApp" */ = {
			isa = XCConfigurationList;
			buildConfigurations = (
				5C6AC0042A9DBD1400B2E3D7 /* Debug */,
				5C6AC0052A9DBD1400B2E3D7 /* Release */,
			);
			defaultConfigurationIsVisible = 0;
			defaultConfigurationName = Release;
		};
		5C6AC0062A9DBD1400B2E3D7 /* Build configuration list for PBXNativeTarget "ComparingAppTests" */ = {
			isa = XCConfigurationList;
			buildConfigurations = (
				5C6AC0072A9DBD1400B2E3D7 /* Debug */,
				5C6AC0082A9DBD1400B2E3D7 /* Release */,
			);
			defaultConfigurationIsVisible = 0;
			defaultConfigurationName = Release;
		};
		5C6AC0092A9DBD1400B2E3D7 /* Build configuration list for PBXNativeTarget "ComparingAppUITests" */ = {
			isa = XCConfigurationList;
			buildConfigurations = (
				5C6AC00A2A9DBD1400B2E3D7 /* Debug */,
				5C6AC00B2A9DBD1400B2E3D7 /* Release */,
			);
			defaultConfigurationIsVisible = 0;
			defaultConfigurationName = Release;
		};
/* End XCConfigurationList section */

/* Begin XCRemoteSwiftPackageReference section */
		6124CE352AB05B8400E87665 /* XCRemoteSwiftPackageReference "SwiftSoup" */ = {
			isa = XCRemoteSwiftPackageReference;
			repositoryURL = "https://github.com/scinfu/SwiftSoup.git";
			requirement = {
				kind = upToNextMajorVersion;
				minimumVersion = 2.0.0;
			};
		};
		6159C5F12AB854DE007CDAB2 /* XCRemoteSwiftPackageReference "realm-swift" */ = {
			isa = XCRemoteSwiftPackageReference;
			repositoryURL = "https://github.com/realm/realm-swift";
			requirement = {
				branch = master;
				kind = branch;
			};
		};
		61C37C152ABB8AFD00E08DD9 /* XCRemoteSwiftPackageReference "firebase-ios-sdk" */ = {
			isa = XCRemoteSwiftPackageReference;
			repositoryURL = "https://github.com/firebase/firebase-ios-sdk";
			requirement = {
				kind = upToNextMajorVersion;
				minimumVersion = 10.0.0;
			};
		};
		61E01F602AB3015300F7F9B9 /* XCRemoteSwiftPackageReference "ColorThiefSwift" */ = {
			isa = XCRemoteSwiftPackageReference;
			repositoryURL = "https://github.com/yamoridon/ColorThiefSwift.git";
			requirement = {
				kind = upToNextMajorVersion;
				minimumVersion = 0.4.1;
			};
		};
/* End XCRemoteSwiftPackageReference section */

/* Begin XCSwiftPackageProductDependency section */
		6124CE362AB05B8400E87665 /* SwiftSoup */ = {
			isa = XCSwiftPackageProductDependency;
			package = 6124CE352AB05B8400E87665 /* XCRemoteSwiftPackageReference "SwiftSoup" */;
			productName = SwiftSoup;
		};
		6159C5F22AB854DE007CDAB2 /* Realm */ = {
			isa = XCSwiftPackageProductDependency;
			package = 6159C5F12AB854DE007CDAB2 /* XCRemoteSwiftPackageReference "realm-swift" */;
			productName = Realm;
		};
		6159C5F42AB854DE007CDAB2 /* RealmSwift */ = {
			isa = XCSwiftPackageProductDependency;
			package = 6159C5F12AB854DE007CDAB2 /* XCRemoteSwiftPackageReference "realm-swift" */;
			productName = RealmSwift;
		};
		61C37C162ABB8AFD00E08DD9 /* FirebaseAnalytics */ = {
			isa = XCSwiftPackageProductDependency;
			package = 61C37C152ABB8AFD00E08DD9 /* XCRemoteSwiftPackageReference "firebase-ios-sdk" */;
			productName = FirebaseAnalytics;
		};
		61C37C182ABB8AFD00E08DD9 /* FirebaseAnalyticsWithoutAdIdSupport */ = {
			isa = XCSwiftPackageProductDependency;
			package = 61C37C152ABB8AFD00E08DD9 /* XCRemoteSwiftPackageReference "firebase-ios-sdk" */;
			productName = FirebaseAnalyticsWithoutAdIdSupport;
		};
		61C37C1A2ABB8AFD00E08DD9 /* FirebaseAuth */ = {
			isa = XCSwiftPackageProductDependency;
			package = 61C37C152ABB8AFD00E08DD9 /* XCRemoteSwiftPackageReference "firebase-ios-sdk" */;
			productName = FirebaseAuth;
		};
		61C37C1C2ABB8AFD00E08DD9 /* FirebaseAuthCombine-Community */ = {
			isa = XCSwiftPackageProductDependency;
			package = 61C37C152ABB8AFD00E08DD9 /* XCRemoteSwiftPackageReference "firebase-ios-sdk" */;
			productName = "FirebaseAuthCombine-Community";
		};
		61C37C1E2ABB8AFD00E08DD9 /* FirebaseDatabase */ = {
			isa = XCSwiftPackageProductDependency;
			package = 61C37C152ABB8AFD00E08DD9 /* XCRemoteSwiftPackageReference "firebase-ios-sdk" */;
			productName = FirebaseDatabase;
		};
		61C37C202ABB8AFD00E08DD9 /* FirebaseDatabaseSwift */ = {
			isa = XCSwiftPackageProductDependency;
			package = 61C37C152ABB8AFD00E08DD9 /* XCRemoteSwiftPackageReference "firebase-ios-sdk" */;
			productName = FirebaseDatabaseSwift;
		};
		61C37C222ABB8AFD00E08DD9 /* FirebaseFirestore */ = {
			isa = XCSwiftPackageProductDependency;
			package = 61C37C152ABB8AFD00E08DD9 /* XCRemoteSwiftPackageReference "firebase-ios-sdk" */;
			productName = FirebaseFirestore;
		};
		61C37C242ABB8AFD00E08DD9 /* FirebaseFirestoreCombine-Community */ = {
			isa = XCSwiftPackageProductDependency;
			package = 61C37C152ABB8AFD00E08DD9 /* XCRemoteSwiftPackageReference "firebase-ios-sdk" */;
			productName = "FirebaseFirestoreCombine-Community";
		};
		61C37C262ABB8AFD00E08DD9 /* FirebaseFirestoreSwift */ = {
			isa = XCSwiftPackageProductDependency;
			package = 61C37C152ABB8AFD00E08DD9 /* XCRemoteSwiftPackageReference "firebase-ios-sdk" */;
			productName = FirebaseFirestoreSwift;
		};
		61C37C282ABB8AFD00E08DD9 /* FirebaseFunctionsCombine-Community */ = {
			isa = XCSwiftPackageProductDependency;
			package = 61C37C152ABB8AFD00E08DD9 /* XCRemoteSwiftPackageReference "firebase-ios-sdk" */;
			productName = "FirebaseFunctionsCombine-Community";
		};
		61E01F612AB3015300F7F9B9 /* ColorThiefSwift */ = {
			isa = XCSwiftPackageProductDependency;
			package = 61E01F602AB3015300F7F9B9 /* XCRemoteSwiftPackageReference "ColorThiefSwift" */;
			productName = ColorThiefSwift;
		};
/* End XCSwiftPackageProductDependency section */
	};
	rootObject = 5C6ABFD72A9DBD1000B2E3D7 /* Project object */;
}
